// !$*UTF8*$!
{
	archiveVersion = 1;
	classes = {
	};
	objectVersion = 46;
	objects = {

/* Begin PBXBuildFile section */
		04BDE5CA1B38AE2400696348 /* main.m in Sources */ = {isa = PBXBuildFile; fileRef = 04BDE5C91B38AE2400696348 /* main.m */; };
		04BDE5CD1B38AE2500696348 /* AppDelegate.m in Sources */ = {isa = PBXBuildFile; fileRef = 04BDE5CC1B38AE2500696348 /* AppDelegate.m */; };
		04BDE5D01B38AE2500696348 /* RootViewController.m in Sources */ = {isa = PBXBuildFile; fileRef = 04BDE5CF1B38AE2500696348 /* RootViewController.m */; };
		04BDE5D31B38AE2500696348 /* DataViewController.m in Sources */ = {isa = PBXBuildFile; fileRef = 04BDE5D21B38AE2500696348 /* DataViewController.m */; };
		04BDE5D61B38AE2500696348 /* ModelController.m in Sources */ = {isa = PBXBuildFile; fileRef = 04BDE5D51B38AE2500696348 /* ModelController.m */; };
		04BDE5D91B38AE2500696348 /* Main.storyboard in Resources */ = {isa = PBXBuildFile; fileRef = 04BDE5D71B38AE2500696348 /* Main.storyboard */; };
		04BDE5DE1B38AE2500696348 /* LaunchScreen.xib in Resources */ = {isa = PBXBuildFile; fileRef = 04BDE5DC1B38AE2500696348 /* LaunchScreen.xib */; };
		04BDE5EA1B38AE2500696348 /* OzoneConversionTests.m in Sources */ = {isa = PBXBuildFile; fileRef = 04BDE5E91B38AE2500696348 /* OzoneConversionTests.m */; };
		04BDE5F51B38B6C700696348 /* FlowRateViewController.m in Sources */ = {isa = PBXBuildFile; fileRef = 04BDE5F41B38B6C700696348 /* FlowRateViewController.m */; };
		04BDE5F81B38B94000696348 /* FeedGasViewController.m in Sources */ = {isa = PBXBuildFile; fileRef = 04BDE5F71B38B94000696348 /* FeedGasViewController.m */; };
		04BDE5FB1B38B94F00696348 /* DryViewController.m in Sources */ = {isa = PBXBuildFile; fileRef = 04BDE5FA1B38B94F00696348 /* DryViewController.m */; };
		04BDE5FE1B38B96400696348 /* GeneratorViewController.m in Sources */ = {isa = PBXBuildFile; fileRef = 04BDE5FD1B38B96400696348 /* GeneratorViewController.m */; };
		04BDE6011B38B97000696348 /* PPMViewController.m in Sources */ = {isa = PBXBuildFile; fileRef = 04BDE6001B38B97000696348 /* PPMViewController.m */; };
		04BDE6041B38B97C00696348 /* AdjFlowViewController.m in Sources */ = {isa = PBXBuildFile; fileRef = 04BDE6031B38B97C00696348 /* AdjFlowViewController.m */; };
		04BDE6071B38BE5500696348 /* Conversion.m in Sources */ = {isa = PBXBuildFile; fileRef = 04BDE6061B38BE5500696348 /* Conversion.m */; };
		04C985561B3C7C8E0031C162 /* Menu.xib in Resources */ = {isa = PBXBuildFile; fileRef = 04C985551B3C7C8E0031C162 /* Menu.xib */; };
		04C985581B3C9F620031C162 /* Images.xcassets in Resources */ = {isa = PBXBuildFile; fileRef = 04C985571B3C9F620031C162 /* Images.xcassets */; };
/* End PBXBuildFile section */

/* Begin PBXContainerItemProxy section */
		04BDE5E41B38AE2500696348 /* PBXContainerItemProxy */ = {
			isa = PBXContainerItemProxy;
			containerPortal = 04BDE5BC1B38AE2400696348 /* Project object */;
			proxyType = 1;
			remoteGlobalIDString = 04BDE5C31B38AE2400696348;
			remoteInfo = OzoneConversion;
		};
/* End PBXContainerItemProxy section */

/* Begin PBXFileReference section */
		04BDE5C41B38AE2400696348 /* OzoneConversion.app */ = {isa = PBXFileReference; explicitFileType = wrapper.application; includeInIndex = 0; path = OzoneConversion.app; sourceTree = BUILT_PRODUCTS_DIR; };
		04BDE5C81B38AE2400696348 /* Info.plist */ = {isa = PBXFileReference; lastKnownFileType = text.plist.xml; path = Info.plist; sourceTree = "<group>"; };
		04BDE5C91B38AE2400696348 /* main.m */ = {isa = PBXFileReference; lastKnownFileType = sourcecode.c.objc; path = main.m; sourceTree = "<group>"; };
		04BDE5CB1B38AE2400696348 /* AppDelegate.h */ = {isa = PBXFileReference; lastKnownFileType = sourcecode.c.h; path = AppDelegate.h; sourceTree = "<group>"; };
		04BDE5CC1B38AE2500696348 /* AppDelegate.m */ = {isa = PBXFileReference; lastKnownFileType = sourcecode.c.objc; path = AppDelegate.m; sourceTree = "<group>"; };
		04BDE5CE1B38AE2500696348 /* RootViewController.h */ = {isa = PBXFileReference; lastKnownFileType = sourcecode.c.h; path = RootViewController.h; sourceTree = "<group>"; };
		04BDE5CF1B38AE2500696348 /* RootViewController.m */ = {isa = PBXFileReference; lastKnownFileType = sourcecode.c.objc; path = RootViewController.m; sourceTree = "<group>"; };
		04BDE5D11B38AE2500696348 /* DataViewController.h */ = {isa = PBXFileReference; lastKnownFileType = sourcecode.c.h; path = DataViewController.h; sourceTree = "<group>"; };
		04BDE5D21B38AE2500696348 /* DataViewController.m */ = {isa = PBXFileReference; lastKnownFileType = sourcecode.c.objc; path = DataViewController.m; sourceTree = "<group>"; };
		04BDE5D41B38AE2500696348 /* ModelController.h */ = {isa = PBXFileReference; lastKnownFileType = sourcecode.c.h; path = ModelController.h; sourceTree = "<group>"; };
		04BDE5D51B38AE2500696348 /* ModelController.m */ = {isa = PBXFileReference; lastKnownFileType = sourcecode.c.objc; path = ModelController.m; sourceTree = "<group>"; };
		04BDE5D81B38AE2500696348 /* Base */ = {isa = PBXFileReference; lastKnownFileType = file.storyboard; name = Base; path = Base.lproj/Main.storyboard; sourceTree = "<group>"; };
		04BDE5DD1B38AE2500696348 /* Base */ = {isa = PBXFileReference; lastKnownFileType = file.xib; name = Base; path = Base.lproj/LaunchScreen.xib; sourceTree = "<group>"; };
		04BDE5E31B38AE2500696348 /* OzoneConversionTests.xctest */ = {isa = PBXFileReference; explicitFileType = wrapper.cfbundle; includeInIndex = 0; path = OzoneConversionTests.xctest; sourceTree = BUILT_PRODUCTS_DIR; };
		04BDE5E81B38AE2500696348 /* Info.plist */ = {isa = PBXFileReference; lastKnownFileType = text.plist.xml; path = Info.plist; sourceTree = "<group>"; };
		04BDE5E91B38AE2500696348 /* OzoneConversionTests.m */ = {isa = PBXFileReference; lastKnownFileType = sourcecode.c.objc; path = OzoneConversionTests.m; sourceTree = "<group>"; };
		04BDE5F31B38B6C700696348 /* FlowRateViewController.h */ = {isa = PBXFileReference; fileEncoding = 4; lastKnownFileType = sourcecode.c.h; path = FlowRateViewController.h; sourceTree = "<group>"; };
		04BDE5F41B38B6C700696348 /* FlowRateViewController.m */ = {isa = PBXFileReference; fileEncoding = 4; lastKnownFileType = sourcecode.c.objc; path = FlowRateViewController.m; sourceTree = "<group>"; };
		04BDE5F61B38B94000696348 /* FeedGasViewController.h */ = {isa = PBXFileReference; fileEncoding = 4; lastKnownFileType = sourcecode.c.h; path = FeedGasViewController.h; sourceTree = "<group>"; };
		04BDE5F71B38B94000696348 /* FeedGasViewController.m */ = {isa = PBXFileReference; fileEncoding = 4; lastKnownFileType = sourcecode.c.objc; path = FeedGasViewController.m; sourceTree = "<group>"; };
		04BDE5F91B38B94F00696348 /* DryViewController.h */ = {isa = PBXFileReference; fileEncoding = 4; lastKnownFileType = sourcecode.c.h; path = DryViewController.h; sourceTree = "<group>"; };
		04BDE5FA1B38B94F00696348 /* DryViewController.m */ = {isa = PBXFileReference; fileEncoding = 4; lastKnownFileType = sourcecode.c.objc; path = DryViewController.m; sourceTree = "<group>"; };
		04BDE5FC1B38B96400696348 /* GeneratorViewController.h */ = {isa = PBXFileReference; fileEncoding = 4; lastKnownFileType = sourcecode.c.h; path = GeneratorViewController.h; sourceTree = "<group>"; };
		04BDE5FD1B38B96400696348 /* GeneratorViewController.m */ = {isa = PBXFileReference; fileEncoding = 4; lastKnownFileType = sourcecode.c.objc; path = GeneratorViewController.m; sourceTree = "<group>"; };
		04BDE5FF1B38B97000696348 /* PPMViewController.h */ = {isa = PBXFileReference; fileEncoding = 4; lastKnownFileType = sourcecode.c.h; path = PPMViewController.h; sourceTree = "<group>"; };
		04BDE6001B38B97000696348 /* PPMViewController.m */ = {isa = PBXFileReference; fileEncoding = 4; lastKnownFileType = sourcecode.c.objc; path = PPMViewController.m; sourceTree = "<group>"; };
		04BDE6021B38B97C00696348 /* AdjFlowViewController.h */ = {isa = PBXFileReference; fileEncoding = 4; lastKnownFileType = sourcecode.c.h; path = AdjFlowViewController.h; sourceTree = "<group>"; };
		04BDE6031B38B97C00696348 /* AdjFlowViewController.m */ = {isa = PBXFileReference; fileEncoding = 4; lastKnownFileType = sourcecode.c.objc; path = AdjFlowViewController.m; sourceTree = "<group>"; };
		04BDE6051B38BE4B00696348 /* Conversion.h */ = {isa = PBXFileReference; lastKnownFileType = sourcecode.c.h; path = Conversion.h; sourceTree = "<group>"; };
		04BDE6061B38BE5500696348 /* Conversion.m */ = {isa = PBXFileReference; fileEncoding = 4; lastKnownFileType = sourcecode.c.objc; path = Conversion.m; sourceTree = "<group>"; };
		04C985551B3C7C8E0031C162 /* Menu.xib */ = {isa = PBXFileReference; fileEncoding = 4; lastKnownFileType = file.xib; path = Menu.xib; sourceTree = "<group>"; };
		04C985571B3C9F620031C162 /* Images.xcassets */ = {isa = PBXFileReference; lastKnownFileType = folder.assetcatalog; name = Images.xcassets; path = OzoneConversion/Images.xcassets; sourceTree = "<group>"; };
/* End PBXFileReference section */

/* Begin PBXFrameworksBuildPhase section */
		04BDE5C11B38AE2400696348 /* Frameworks */ = {
			isa = PBXFrameworksBuildPhase;
			buildActionMask = 2147483647;
			files = (
			);
			runOnlyForDeploymentPostprocessing = 0;
		};
		04BDE5E01B38AE2500696348 /* Frameworks */ = {
			isa = PBXFrameworksBuildPhase;
			buildActionMask = 2147483647;
			files = (
			);
			runOnlyForDeploymentPostprocessing = 0;
		};
/* End PBXFrameworksBuildPhase section */

/* Begin PBXGroup section */
		04BDE5BB1B38AE2400696348 = {
			isa = PBXGroup;
			children = (
				04C985571B3C9F620031C162 /* Images.xcassets */,
				04BDE5C61B38AE2400696348 /* OzoneConversion */,
				04BDE5E61B38AE2500696348 /* OzoneConversionTests */,
				04BDE5C51B38AE2400696348 /* Products */,
			);
			sourceTree = "<group>";
		};
		04BDE5C51B38AE2400696348 /* Products */ = {
			isa = PBXGroup;
			children = (
				04BDE5C41B38AE2400696348 /* OzoneConversion.app */,
				04BDE5E31B38AE2500696348 /* OzoneConversionTests.xctest */,
			);
			name = Products;
			sourceTree = "<group>";
		};
		04BDE5C61B38AE2400696348 /* OzoneConversion */ = {
			isa = PBXGroup;
			children = (
				04BDE6051B38BE4B00696348 /* Conversion.h */,
				04BDE6061B38BE5500696348 /* Conversion.m */,
				04BDE5CB1B38AE2400696348 /* AppDelegate.h */,
				04BDE5CC1B38AE2500696348 /* AppDelegate.m */,
				04BDE5CE1B38AE2500696348 /* RootViewController.h */,
				04BDE5CF1B38AE2500696348 /* RootViewController.m */,
				04BDE5D11B38AE2500696348 /* DataViewController.h */,
				04BDE5D21B38AE2500696348 /* DataViewController.m */,
				04BDE5D41B38AE2500696348 /* ModelController.h */,
				04BDE5D51B38AE2500696348 /* ModelController.m */,
				04BDE5D71B38AE2500696348 /* Main.storyboard */,
				04BDE5DC1B38AE2500696348 /* LaunchScreen.xib */,
				04BDE5C71B38AE2400696348 /* Supporting Files */,
				04BDE5F31B38B6C700696348 /* FlowRateViewController.h */,
				04BDE5F41B38B6C700696348 /* FlowRateViewController.m */,
				04BDE5F61B38B94000696348 /* FeedGasViewController.h */,
				04BDE5F71B38B94000696348 /* FeedGasViewController.m */,
				04BDE5F91B38B94F00696348 /* DryViewController.h */,
				04BDE5FA1B38B94F00696348 /* DryViewController.m */,
				04BDE5FC1B38B96400696348 /* GeneratorViewController.h */,
				04BDE5FD1B38B96400696348 /* GeneratorViewController.m */,
				04BDE5FF1B38B97000696348 /* PPMViewController.h */,
				04BDE6001B38B97000696348 /* PPMViewController.m */,
				04BDE6021B38B97C00696348 /* AdjFlowViewController.h */,
				04BDE6031B38B97C00696348 /* AdjFlowViewController.m */,
				04C985551B3C7C8E0031C162 /* Menu.xib */,
			);
			path = OzoneConversion;
			sourceTree = "<group>";
		};
		04BDE5C71B38AE2400696348 /* Supporting Files */ = {
			isa = PBXGroup;
			children = (
				04BDE5C81B38AE2400696348 /* Info.plist */,
				04BDE5C91B38AE2400696348 /* main.m */,
			);
			name = "Supporting Files";
			sourceTree = "<group>";
		};
		04BDE5E61B38AE2500696348 /* OzoneConversionTests */ = {
			isa = PBXGroup;
			children = (
				04BDE5E91B38AE2500696348 /* OzoneConversionTests.m */,
				04BDE5E71B38AE2500696348 /* Supporting Files */,
			);
			path = OzoneConversionTests;
			sourceTree = "<group>";
		};
		04BDE5E71B38AE2500696348 /* Supporting Files */ = {
			isa = PBXGroup;
			children = (
				04BDE5E81B38AE2500696348 /* Info.plist */,
			);
			name = "Supporting Files";
			sourceTree = "<group>";
		};
/* End PBXGroup section */

/* Begin PBXNativeTarget section */
		04BDE5C31B38AE2400696348 /* OzoneConversion */ = {
			isa = PBXNativeTarget;
			buildConfigurationList = 04BDE5ED1B38AE2500696348 /* Build configuration list for PBXNativeTarget "OzoneConversion" */;
			buildPhases = (
				04BDE5C01B38AE2400696348 /* Sources */,
				04BDE5C11B38AE2400696348 /* Frameworks */,
				04BDE5C21B38AE2400696348 /* Resources */,
			);
			buildRules = (
			);
			dependencies = (
			);
			name = OzoneConversion;
			productName = OzoneConversion;
			productReference = 04BDE5C41B38AE2400696348 /* OzoneConversion.app */;
			productType = "com.apple.product-type.application";
		};
		04BDE5E21B38AE2500696348 /* OzoneConversionTests */ = {
			isa = PBXNativeTarget;
			buildConfigurationList = 04BDE5F01B38AE2500696348 /* Build configuration list for PBXNativeTarget "OzoneConversionTests" */;
			buildPhases = (
				04BDE5DF1B38AE2500696348 /* Sources */,
				04BDE5E01B38AE2500696348 /* Frameworks */,
				04BDE5E11B38AE2500696348 /* Resources */,
			);
			buildRules = (
			);
			dependencies = (
				04BDE5E51B38AE2500696348 /* PBXTargetDependency */,
			);
			name = OzoneConversionTests;
			productName = OzoneConversionTests;
			productReference = 04BDE5E31B38AE2500696348 /* OzoneConversionTests.xctest */;
			productType = "com.apple.product-type.bundle.unit-test";
		};
/* End PBXNativeTarget section */

/* Begin PBXProject section */
		04BDE5BC1B38AE2400696348 /* Project object */ = {
			isa = PBXProject;
			attributes = {
				LastUpgradeCheck = 0620;
				ORGANIZATIONNAME = davidkopala;
				TargetAttributes = {
					04BDE5C31B38AE2400696348 = {
						CreatedOnToolsVersion = 6.2;
						DevelopmentTeam = Y6N8G7248Q;
					};
					04BDE5E21B38AE2500696348 = {
						CreatedOnToolsVersion = 6.2;
						TestTargetID = 04BDE5C31B38AE2400696348;
					};
				};
			};
			buildConfigurationList = 04BDE5BF1B38AE2400696348 /* Build configuration list for PBXProject "OzoneConversion" */;
			compatibilityVersion = "Xcode 3.2";
			developmentRegion = English;
			hasScannedForEncodings = 0;
			knownRegions = (
				en,
				Base,
			);
			mainGroup = 04BDE5BB1B38AE2400696348;
			productRefGroup = 04BDE5C51B38AE2400696348 /* Products */;
			projectDirPath = "";
			projectRoot = "";
			targets = (
				04BDE5C31B38AE2400696348 /* OzoneConversion */,
				04BDE5E21B38AE2500696348 /* OzoneConversionTests */,
			);
		};
/* End PBXProject section */

/* Begin PBXResourcesBuildPhase section */
		04BDE5C21B38AE2400696348 /* Resources */ = {
			isa = PBXResourcesBuildPhase;
			buildActionMask = 2147483647;
			files = (
				04BDE5D91B38AE2500696348 /* Main.storyboard in Resources */,
				04C985581B3C9F620031C162 /* Images.xcassets in Resources */,
				04BDE5DE1B38AE2500696348 /* LaunchScreen.xib in Resources */,
				04C985561B3C7C8E0031C162 /* Menu.xib in Resources */,
			);
			runOnlyForDeploymentPostprocessing = 0;
		};
		04BDE5E11B38AE2500696348 /* Resources */ = {
			isa = PBXResourcesBuildPhase;
			buildActionMask = 2147483647;
			files = (
			);
			runOnlyForDeploymentPostprocessing = 0;
		};
/* End PBXResourcesBuildPhase section */

/* Begin PBXSourcesBuildPhase section */
		04BDE5C01B38AE2400696348 /* Sources */ = {
			isa = PBXSourcesBuildPhase;
			buildActionMask = 2147483647;
			files = (
				04BDE5D31B38AE2500696348 /* DataViewController.m in Sources */,
				04BDE5CD1B38AE2500696348 /* AppDelegate.m in Sources */,
				04BDE5F51B38B6C700696348 /* FlowRateViewController.m in Sources */,
				04BDE5F81B38B94000696348 /* FeedGasViewController.m in Sources */,
				04BDE6041B38B97C00696348 /* AdjFlowViewController.m in Sources */,
				04BDE5FB1B38B94F00696348 /* DryViewController.m in Sources */,
				04BDE5D61B38AE2500696348 /* ModelController.m in Sources */,
				04BDE6011B38B97000696348 /* PPMViewController.m in Sources */,
				04BDE5CA1B38AE2400696348 /* main.m in Sources */,
				04BDE6071B38BE5500696348 /* Conversion.m in Sources */,
				04BDE5D01B38AE2500696348 /* RootViewController.m in Sources */,
				04BDE5FE1B38B96400696348 /* GeneratorViewController.m in Sources */,
			);
			runOnlyForDeploymentPostprocessing = 0;
		};
		04BDE5DF1B38AE2500696348 /* Sources */ = {
			isa = PBXSourcesBuildPhase;
			buildActionMask = 2147483647;
			files = (
				04BDE5EA1B38AE2500696348 /* OzoneConversionTests.m in Sources */,
			);
			runOnlyForDeploymentPostprocessing = 0;
		};
/* End PBXSourcesBuildPhase section */

/* Begin PBXTargetDependency section */
		04BDE5E51B38AE2500696348 /* PBXTargetDependency */ = {
			isa = PBXTargetDependency;
			target = 04BDE5C31B38AE2400696348 /* OzoneConversion */;
			targetProxy = 04BDE5E41B38AE2500696348 /* PBXContainerItemProxy */;
		};
/* End PBXTargetDependency section */

/* Begin PBXVariantGroup section */
		04BDE5D71B38AE2500696348 /* Main.storyboard */ = {
			isa = PBXVariantGroup;
			children = (
				04BDE5D81B38AE2500696348 /* Base */,
			);
			name = Main.storyboard;
			sourceTree = "<group>";
		};
		04BDE5DC1B38AE2500696348 /* LaunchScreen.xib */ = {
			isa = PBXVariantGroup;
			children = (
				04BDE5DD1B38AE2500696348 /* Base */,
			);
			name = LaunchScreen.xib;
			sourceTree = "<group>";
		};
/* End PBXVariantGroup section */

/* Begin XCBuildConfiguration section */
		04BDE5EB1B38AE2500696348 /* Debug */ = {
			isa = XCBuildConfiguration;
			buildSettings = {
				ALWAYS_SEARCH_USER_PATHS = NO;
				CLANG_CXX_LANGUAGE_STANDARD = "gnu++0x";
				CLANG_CXX_LIBRARY = "libc++";
				CLANG_ENABLE_MODULES = YES;
				CLANG_ENABLE_OBJC_ARC = YES;
				CLANG_WARN_BOOL_CONVERSION = YES;
				CLANG_WARN_CONSTANT_CONVERSION = YES;
				CLANG_WARN_DIRECT_OBJC_ISA_USAGE = YES_ERROR;
				CLANG_WARN_EMPTY_BODY = YES;
				CLANG_WARN_ENUM_CONVERSION = YES;
				CLANG_WARN_INT_CONVERSION = YES;
				CLANG_WARN_OBJC_ROOT_CLASS = YES_ERROR;
				CLANG_WARN_UNREACHABLE_CODE = YES;
				CLANG_WARN__DUPLICATE_METHOD_MATCH = YES;
				"CODE_SIGN_IDENTITY[sdk=iphoneos*]" = "iPhone Developer";
				COPY_PHASE_STRIP = NO;
				ENABLE_STRICT_OBJC_MSGSEND = YES;
				GCC_C_LANGUAGE_STANDARD = gnu99;
				GCC_DYNAMIC_NO_PIC = NO;
				GCC_OPTIMIZATION_LEVEL = 0;
				GCC_PREPROCESSOR_DEFINITIONS = (
					"DEBUG=1",
					"$(inherited)",
				);
				GCC_SYMBOLS_PRIVATE_EXTERN = NO;
				GCC_WARN_64_TO_32_BIT_CONVERSION = YES;
				GCC_WARN_ABOUT_RETURN_TYPE = YES_ERROR;
				GCC_WARN_UNDECLARED_SELECTOR = YES;
				GCC_WARN_UNINITIALIZED_AUTOS = YES_AGGRESSIVE;
				GCC_WARN_UNUSED_FUNCTION = YES;
				GCC_WARN_UNUSED_VARIABLE = YES;
				IPHONEOS_DEPLOYMENT_TARGET = 8.2;
				MTL_ENABLE_DEBUG_INFO = YES;
				ONLY_ACTIVE_ARCH = YES;
				SDKROOT = iphoneos;
			};
			name = Debug;
		};
		04BDE5EC1B38AE2500696348 /* Release */ = {
			isa = XCBuildConfiguration;
			buildSettings = {
				ALWAYS_SEARCH_USER_PATHS = NO;
				CLANG_CXX_LANGUAGE_STANDARD = "gnu++0x";
				CLANG_CXX_LIBRARY = "libc++";
				CLANG_ENABLE_MODULES = YES;
				CLANG_ENABLE_OBJC_ARC = YES;
				CLANG_WARN_BOOL_CONVERSION = YES;
				CLANG_WARN_CONSTANT_CONVERSION = YES;
				CLANG_WARN_DIRECT_OBJC_ISA_USAGE = YES_ERROR;
				CLANG_WARN_EMPTY_BODY = YES;
				CLANG_WARN_ENUM_CONVERSION = YES;
				CLANG_WARN_INT_CONVERSION = YES;
				CLANG_WARN_OBJC_ROOT_CLASS = YES_ERROR;
				CLANG_WARN_UNREACHABLE_CODE = YES;
				CLANG_WARN__DUPLICATE_METHOD_MATCH = YES;
				"CODE_SIGN_IDENTITY[sdk=iphoneos*]" = "iPhone Developer";
				COPY_PHASE_STRIP = NO;
				ENABLE_NS_ASSERTIONS = NO;
				ENABLE_STRICT_OBJC_MSGSEND = YES;
				GCC_C_LANGUAGE_STANDARD = gnu99;
				GCC_WARN_64_TO_32_BIT_CONVERSION = YES;
				GCC_WARN_ABOUT_RETURN_TYPE = YES_ERROR;
				GCC_WARN_UNDECLARED_SELECTOR = YES;
				GCC_WARN_UNINITIALIZED_AUTOS = YES_AGGRESSIVE;
				GCC_WARN_UNUSED_FUNCTION = YES;
				GCC_WARN_UNUSED_VARIABLE = YES;
				IPHONEOS_DEPLOYMENT_TARGET = 8.2;
				MTL_ENABLE_DEBUG_INFO = NO;
				SDKROOT = iphoneos;
				VALIDATE_PRODUCT = YES;
			};
			name = Release;
		};
		04BDE5EE1B38AE2500696348 /* Debug */ = {
			isa = XCBuildConfiguration;
			buildSettings = {
				ASSETCATALOG_COMPILER_APPICON_NAME = AppIcon;
				ASSETCATALOG_COMPILER_LAUNCHIMAGE_NAME = LaunchImage;
				CODE_SIGN_IDENTITY = "iPhone Developer";
				"CODE_SIGN_IDENTITY[sdk=iphoneos*]" = "iPhone Developer";
				INFOPLIST_FILE = OzoneConversion/Info.plist;
				IPHONEOS_DEPLOYMENT_TARGET = 7.0;
				LD_RUNPATH_SEARCH_PATHS = "$(inherited) @executable_path/Frameworks";
				PRODUCT_NAME = "$(TARGET_NAME)";
				PROVISIONING_PROFILE = "";
			};
			name = Debug;
		};
		04BDE5EF1B38AE2500696348 /* Release */ = {
			isa = XCBuildConfiguration;
			buildSettings = {
				ASSETCATALOG_COMPILER_APPICON_NAME = AppIcon;
				ASSETCATALOG_COMPILER_LAUNCHIMAGE_NAME = LaunchImage;
				CODE_SIGN_IDENTITY = "iPhone Developer";
				"CODE_SIGN_IDENTITY[sdk=iphoneos*]" = "iPhone Developer";
				INFOPLIST_FILE = OzoneConversion/Info.plist;
				IPHONEOS_DEPLOYMENT_TARGET = 7.0;
				LD_RUNPATH_SEARCH_PATHS = "$(inherited) @executable_path/Frameworks";
				PRODUCT_NAME = "$(TARGET_NAME)";
				PROVISIONING_PROFILE = "";
			};
			name = Release;
		};
		04BDE5F11B38AE2500696348 /* Debug */ = {
			isa = XCBuildConfiguration;
			buildSettings = {
				BUNDLE_LOADER = "$(TEST_HOST)";
				FRAMEWORK_SEARCH_PATHS = (
					"$(SDKROOT)/Developer/Library/Frameworks",
					"$(inherited)",
				);
				GCC_PREPROCESSOR_DEFINITIONS = (
					"DEBUG=1",
					"$(inherited)",
				);
				INFOPLIST_FILE = OzoneConversionTests/Info.plist;
				LD_RUNPATH_SEARCH_PATHS = "$(inherited) @executable_path/Frameworks @loader_path/Frameworks";
				PRODUCT_NAME = "$(TARGET_NAME)";
				TEST_HOST = "$(BUILT_PRODUCTS_DIR)/OzoneConversion.app/OzoneConversion";
			};
			name = Debug;
		};
		04BDE5F21B38AE2500696348 /* Release */ = {
			isa = XCBuildConfiguration;
			buildSettings = {
				BUNDLE_LOADER = "$(TEST_HOST)";
				FRAMEWORK_SEARCH_PATHS = (
					"$(SDKROOT)/Developer/Library/Frameworks",
					"$(inherited)",
				);
				INFOPLIST_FILE = OzoneConversionTests/Info.plist;
				LD_RUNPATH_SEARCH_PATHS = "$(inherited) @executable_path/Frameworks @loader_path/Frameworks";
				PRODUCT_NAME = "$(TARGET_NAME)";
				TEST_HOST = "$(BUILT_PRODUCTS_DIR)/OzoneConversion.app/OzoneConversion";
			};
			name = Release;
		};
/* End XCBuildConfiguration section */

/* Begin XCConfigurationList section */
		04BDE5BF1B38AE2400696348 /* Build configuration list for PBXProject "OzoneConversion" */ = {
			isa = XCConfigurationList;
			buildConfigurations = (
				04BDE5EB1B38AE2500696348 /* Debug */,
				04BDE5EC1B38AE2500696348 /* Release */,
			);
			defaultConfigurationIsVisible = 0;
			defaultConfigurationName = Release;
		};
		04BDE5ED1B38AE2500696348 /* Build configuration list for PBXNativeTarget "OzoneConversion" */ = {
			isa = XCConfigurationList;
			buildConfigurations = (
				04BDE5EE1B38AE2500696348 /* Debug */,
				04BDE5EF1B38AE2500696348 /* Release */,
			);
			defaultConfigurationIsVisible = 0;
			defaultConfigurationName = Release;
		};
		04BDE5F01B38AE2500696348 /* Build configuration list for PBXNativeTarget "OzoneConversionTests" */ = {
			isa = XCConfigurationList;
			buildConfigurations = (
				04BDE5F11B38AE2500696348 /* Debug */,
				04BDE5F21B38AE2500696348 /* Release */,
			);
			defaultConfigurationIsVisible = 0;
			defaultConfigurationName = Release;
		};
/* End XCConfigurationList section */
	};
	rootObject = 04BDE5BC1B38AE2400696348 /* Project object */;
}
